
Microsoft Visual Studio Solution File, Format Version 12.00
# Visual Studio Version 17
VisualStudioVersion = 17.7.34031.279
MinimumVisualStudioVersion = 10.0.40219.1
Project("{8BC9CEB8-8B4A-11D0-8D11-00A0C91BC942}") = "L3-OOP", "L3-OOP.vcxproj", "{AB7DAC36-282C-4CAE-B369-EE70EDDBB2FE}"
EndProject
Global
	GlobalSection(SolutionConfigurationPlatforms) = preSolution
		Debug|x64 = Debug|x64
		Debug|x86 = Debug|x86
		Release|x64 = Release|x64
		Release|x86 = Release|x86
	EndGlobalSection
	GlobalSection(ProjectConfigurationPlatforms) = postSolution
		{AB7DAC36-282C-4CAE-B369-EE70EDDBB2FE}.Debug|x64.ActiveCfg = Debug|x64
		{AB7DAC36-282C-4CAE-B369-EE70EDDBB2FE}.Debug|x64.Build.0 = Debug|x64
		{AB7DAC36-282C-4CAE-B369-EE70EDDBB2FE}.Debug|x86.ActiveCfg = Debug|Win32
		{AB7DAC36-282C-4CAE-B369-EE70EDDBB2FE}.Debug|x86.Build.0 = Debug|Win32
		{AB7DAC36-282C-4CAE-B369-EE70EDDBB2FE}.Release|x64.ActiveCfg = Release|x64
		{AB7DAC36-282C-4CAE-B369-EE70EDDBB2FE}.Release|x64.Build.0 = Release|x64
		{AB7DAC36-282C-4CAE-B369-EE70EDDBB2FE}.Release|x86.ActiveCfg = Release|Win32
		{AB7DAC36-282C-4CAE-B369-EE70EDDBB2FE}.Release|x86.Build.0 = Release|Win32
	EndGlobalSection
	GlobalSection(SolutionProperties) = preSolution
		HideSolutionNode = FALSE
	EndGlobalSection
	GlobalSection(ExtensibilityGlobals) = postSolution
		SolutionGuid = {F96C717F-F41D-4114-BB3B-BBE388CC4B4A}
	EndGlobalSection
EndGlobal
